// !$*UTF8*$!
{
	archiveVersion = 1;
	classes = {
	};
	objectVersion = 50;
	objects = {

/* Begin PBXBuildFile section */
		BC0201562162ADD800078CB4 /* AppDelegate.swift in Sources */ = {isa = PBXBuildFile; fileRef = BC0201552162ADD800078CB4 /* AppDelegate.swift */; };
		BC0201582162ADD800078CB4 /* ViewController.swift in Sources */ = {isa = PBXBuildFile; fileRef = BC0201572162ADD800078CB4 /* ViewController.swift */; };
		BC02015B2162ADD800078CB4 /* Main.storyboard in Resources */ = {isa = PBXBuildFile; fileRef = BC0201592162ADD800078CB4 /* Main.storyboard */; };
		BC02015D2162ADDA00078CB4 /* Assets.xcassets in Resources */ = {isa = PBXBuildFile; fileRef = BC02015C2162ADDA00078CB4 /* Assets.xcassets */; };
		BC0201602162ADDA00078CB4 /* LaunchScreen.storyboard in Resources */ = {isa = PBXBuildFile; fileRef = BC02015E2162ADDA00078CB4 /* LaunchScreen.storyboard */; };
		BC0201692162B24500078CB4 /* Point.swift in Sources */ = {isa = PBXBuildFile; fileRef = BC0201682162B24500078CB4 /* Point.swift */; };
		BC02016B2162B26500078CB4 /* Canvas.swift in Sources */ = {isa = PBXBuildFile; fileRef = BC02016A2162B26500078CB4 /* Canvas.swift */; };
		BC02016D2162B6E300078CB4 /* Vertex.swift in Sources */ = {isa = PBXBuildFile; fileRef = BC02016C2162B6E300078CB4 /* Vertex.swift */; };
		BC02016F2162BA6700078CB4 /* Calculator.swift in Sources */ = {isa = PBXBuildFile; fileRef = BC02016E2162BA6700078CB4 /* Calculator.swift */; };
/* End PBXBuildFile section */

/* Begin PBXFileReference section */
		BC0201522162ADD800078CB4 /* fractals.app */ = {isa = PBXFileReference; explicitFileType = wrapper.application; includeInIndex = 0; path = fractals.app; sourceTree = BUILT_PRODUCTS_DIR; };
		BC0201552162ADD800078CB4 /* AppDelegate.swift */ = {isa = PBXFileReference; lastKnownFileType = sourcecode.swift; path = AppDelegate.swift; sourceTree = "<group>"; };
		BC0201572162ADD800078CB4 /* ViewController.swift */ = {isa = PBXFileReference; lastKnownFileType = sourcecode.swift; path = ViewController.swift; sourceTree = "<group>"; };
		BC02015A2162ADD800078CB4 /* Base */ = {isa = PBXFileReference; lastKnownFileType = file.storyboard; name = Base; path = Base.lproj/Main.storyboard; sourceTree = "<group>"; };
		BC02015C2162ADDA00078CB4 /* Assets.xcassets */ = {isa = PBXFileReference; lastKnownFileType = folder.assetcatalog; path = Assets.xcassets; sourceTree = "<group>"; };
		BC02015F2162ADDA00078CB4 /* Base */ = {isa = PBXFileReference; lastKnownFileType = file.storyboard; name = Base; path = Base.lproj/LaunchScreen.storyboard; sourceTree = "<group>"; };
		BC0201612162ADDA00078CB4 /* Info.plist */ = {isa = PBXFileReference; lastKnownFileType = text.plist.xml; path = Info.plist; sourceTree = "<group>"; };
		BC0201682162B24500078CB4 /* Point.swift */ = {isa = PBXFileReference; lastKnownFileType = sourcecode.swift; path = Point.swift; sourceTree = "<group>"; };
		BC02016A2162B26500078CB4 /* Canvas.swift */ = {isa = PBXFileReference; lastKnownFileType = sourcecode.swift; path = Canvas.swift; sourceTree = "<group>"; };
		BC02016C2162B6E300078CB4 /* Vertex.swift */ = {isa = PBXFileReference; lastKnownFileType = sourcecode.swift; path = Vertex.swift; sourceTree = "<group>"; };
		BC02016E2162BA6700078CB4 /* Calculator.swift */ = {isa = PBXFileReference; lastKnownFileType = sourcecode.swift; path = Calculator.swift; sourceTree = "<group>"; };
/* End PBXFileReference section */

/* Begin PBXFrameworksBuildPhase section */
		BC02014F2162ADD800078CB4 /* Frameworks */ = {
			isa = PBXFrameworksBuildPhase;
			buildActionMask = 2147483647;
			files = (
			);
			runOnlyForDeploymentPostprocessing = 0;
		};
/* End PBXFrameworksBuildPhase section */

/* Begin PBXGroup section */
		BC0201492162ADD800078CB4 = {
			isa = PBXGroup;
			children = (
				BC0201542162ADD800078CB4 /* fractals */,
				BC0201532162ADD800078CB4 /* Products */,
			);
			sourceTree = "<group>";
		};
		BC0201532162ADD800078CB4 /* Products */ = {
			isa = PBXGroup;
			children = (
				BC0201522162ADD800078CB4 /* fractals.app */,
			);
			name = Products;
			sourceTree = "<group>";
		};
		BC0201542162ADD800078CB4 /* fractals */ = {
			isa = PBXGroup;
			children = (
				BC0201672162B1F400078CB4 /* Views */,
				BC0201552162ADD800078CB4 /* AppDelegate.swift */,
				BC0201572162ADD800078CB4 /* ViewController.swift */,
				BC02016E2162BA6700078CB4 /* Calculator.swift */,
				BC0201592162ADD800078CB4 /* Main.storyboard */,
				BC02015C2162ADDA00078CB4 /* Assets.xcassets */,
				BC02015E2162ADDA00078CB4 /* LaunchScreen.storyboard */,
				BC0201612162ADDA00078CB4 /* Info.plist */,
			);
			path = fractals;
			sourceTree = "<group>";
		};
		BC0201672162B1F400078CB4 /* Views */ = {
			isa = PBXGroup;
			children = (
				BC0201682162B24500078CB4 /* Point.swift */,
				BC02016A2162B26500078CB4 /* Canvas.swift */,
				BC02016C2162B6E300078CB4 /* Vertex.swift */,
			);
			path = Views;
			sourceTree = "<group>";
		};
/* End PBXGroup section */

/* Begin PBXNativeTarget section */
		BC0201512162ADD800078CB4 /* fractals */ = {
			isa = PBXNativeTarget;
			buildConfigurationList = BC0201642162ADDA00078CB4 /* Build configuration list for PBXNativeTarget "fractals" */;
			buildPhases = (
				BC02014E2162ADD800078CB4 /* Sources */,
				BC02014F2162ADD800078CB4 /* Frameworks */,
				BC0201502162ADD800078CB4 /* Resources */,
			);
			buildRules = (
			);
			dependencies = (
			);
			name = fractals;
			productName = fractals;
			productReference = BC0201522162ADD800078CB4 /* fractals.app */;
			productType = "com.apple.product-type.application";
		};
/* End PBXNativeTarget section */

/* Begin PBXProject section */
		BC02014A2162ADD800078CB4 /* Project object */ = {
			isa = PBXProject;
			attributes = {
				LastSwiftUpdateCheck = 1000;
				LastUpgradeCheck = 1000;
				ORGANIZATIONNAME = "Alexander Zakatnov";
				TargetAttributes = {
					BC0201512162ADD800078CB4 = {
						CreatedOnToolsVersion = 10.0;
					};
				};
			};
			buildConfigurationList = BC02014D2162ADD800078CB4 /* Build configuration list for PBXProject "fractals" */;
			compatibilityVersion = "Xcode 9.3";
			developmentRegion = en;
			hasScannedForEncodings = 0;
			knownRegions = (
				en,
				Base,
			);
			mainGroup = BC0201492162ADD800078CB4;
			productRefGroup = BC0201532162ADD800078CB4 /* Products */;
			projectDirPath = "";
			projectRoot = "";
			targets = (
				BC0201512162ADD800078CB4 /* fractals */,
			);
		};
/* End PBXProject section */

/* Begin PBXResourcesBuildPhase section */
		BC0201502162ADD800078CB4 /* Resources */ = {
			isa = PBXResourcesBuildPhase;
			buildActionMask = 2147483647;
			files = (
				BC0201602162ADDA00078CB4 /* LaunchScreen.storyboard in Resources */,
				BC02015D2162ADDA00078CB4 /* Assets.xcassets in Resources */,
				BC02015B2162ADD800078CB4 /* Main.storyboard in Resources */,
			);
			runOnlyForDeploymentPostprocessing = 0;
		};
/* End PBXResourcesBuildPhase section */

/* Begin PBXSourcesBuildPhase section */
		BC02014E2162ADD800078CB4 /* Sources */ = {
			isa = PBXSourcesBuildPhase;
			buildActionMask = 2147483647;
			files = (
				BC0201582162ADD800078CB4 /* ViewController.swift in Sources */,
				BC0201562162ADD800078CB4 /* AppDelegate.swift in Sources */,
				BC0201692162B24500078CB4 /* Point.swift in Sources */,
				BC02016D2162B6E300078CB4 /* Vertex.swift in Sources */,
				BC02016B2162B26500078CB4 /* Canvas.swift in Sources */,
				BC02016F2162BA6700078CB4 /* Calculator.swift in Sources */,
			);
			runOnlyForDeploymentPostprocessing = 0;
		};
/* End PBXSourcesBuildPhase section */

/* Begin PBXVariantGroup section */
		BC0201592162ADD800078CB4 /* Main.storyboard */ = {
			isa = PBXVariantGroup;
			children = (
				BC02015A2162ADD800078CB4 /* Base */,
			);
			name = Main.storyboard;
			sourceTree = "<group>";
		};
		BC02015E2162ADDA00078CB4 /* LaunchScreen.storyboard */ = {
			isa = PBXVariantGroup;
			children = (
				BC02015F2162ADDA00078CB4 /* Base */,
			);
			name = LaunchScreen.storyboard;
			sourceTree = "<group>";
		};
/* End PBXVariantGroup section */

/* Begin XCBuildConfiguration section */
		BC0201622162ADDA00078CB4 /* Debug */ = {
			isa = XCBuildConfiguration;
			buildSettings = {
				ALWAYS_SEARCH_USER_PATHS = NO;
				CLANG_ANALYZER_NONNULL = YES;
				CLANG_ANALYZER_NUMBER_OBJECT_CONVERSION = YES_AGGRESSIVE;
				CLANG_CXX_LANGUAGE_STANDARD = "gnu++14";
				CLANG_CXX_LIBRARY = "libc++";
				CLANG_ENABLE_MODULES = YES;
				CLANG_ENABLE_OBJC_ARC = YES;
				CLANG_ENABLE_OBJC_WEAK = YES;
				CLANG_WARN_BLOCK_CAPTURE_AUTORELEASING = YES;
				CLANG_WARN_BOOL_CONVERSION = YES;
				CLANG_WARN_COMMA = YES;
				CLANG_WARN_CONSTANT_CONVERSION = YES;
				CLANG_WARN_DEPRECATED_OBJC_IMPLEMENTATIONS = YES;
				CLANG_WARN_DIRECT_OBJC_ISA_USAGE = YES_ERROR;
				CLANG_WARN_DOCUMENTATION_COMMENTS = YES;
				CLANG_WARN_EMPTY_BODY = YES;
				CLANG_WARN_ENUM_CONVERSION = YES;
				CLANG_WARN_INFINITE_RECURSION = YES;
				CLANG_WARN_INT_CONVERSION = YES;
				CLANG_WARN_NON_LITERAL_NULL_CONVERSION = YES;
				CLANG_WARN_OBJC_IMPLICIT_RETAIN_SELF = YES;
				CLANG_WARN_OBJC_LITERAL_CONVERSION = YES;
				CLANG_WARN_OBJC_ROOT_CLASS = YES_ERROR;
				CLANG_WARN_RANGE_LOOP_ANALYSIS = YES;
				CLANG_WARN_STRICT_PROTOTYPES = YES;
				CLANG_WARN_SUSPICIOUS_MOVE = YES;
				CLANG_WARN_UNGUARDED_AVAILABILITY = YES_AGGRESSIVE;
				CLANG_WARN_UNREACHABLE_CODE = YES;
				CLANG_WARN__DUPLICATE_METHOD_MATCH = YES;
				CODE_SIGN_IDENTITY = "iPhone Developer";
				COPY_PHASE_STRIP = NO;
				DEBUG_INFORMATION_FORMAT = dwarf;
				ENABLE_STRICT_OBJC_MSGSEND = YES;
				ENABLE_TESTABILITY = YES;
				GCC_C_LANGUAGE_STANDARD = gnu11;
				GCC_DYNAMIC_NO_PIC = NO;
				GCC_NO_COMMON_BLOCKS = YES;
				GCC_OPTIMIZATION_LEVEL = 0;
				GCC_PREPROCESSOR_DEFINITIONS = (
					"DEBUG=1",
					"$(inherited)",
				);
				GCC_WARN_64_TO_32_BIT_CONVERSION = YES;
				GCC_WARN_ABOUT_RETURN_TYPE = YES_ERROR;
				GCC_WARN_UNDECLARED_SELECTOR = YES;
				GCC_WARN_UNINITIALIZED_AUTOS = YES_AGGRESSIVE;
				GCC_WARN_UNUSED_FUNCTION = YES;
				GCC_WARN_UNUSED_VARIABLE = YES;
				IPHONEOS_DEPLOYMENT_TARGET = 12.0;
				MTL_ENABLE_DEBUG_INFO = INCLUDE_SOURCE;
				MTL_FAST_MATH = YES;
				ONLY_ACTIVE_ARCH = YES;
				SDKROOT = iphoneos;
				SWIFT_ACTIVE_COMPILATION_CONDITIONS = DEBUG;
				SWIFT_OPTIMIZATION_LEVEL = "-Onone";
			};
			name = Debug;
		};
		BC0201632162ADDA00078CB4 /* Release */ = {
			isa = XCBuildConfiguration;
			buildSettings = {
				ALWAYS_SEARCH_USER_PATHS = NO;
				CLANG_ANALYZER_NONNULL = YES;
				CLANG_ANALYZER_NUMBER_OBJECT_CONVERSION = YES_AGGRESSIVE;
				CLANG_CXX_LANGUAGE_STANDARD = "gnu++14";
				CLANG_CXX_LIBRARY = "libc++";
				CLANG_ENABLE_MODULES = YES;
				CLANG_ENABLE_OBJC_ARC = YES;
				CLANG_ENABLE_OBJC_WEAK = YES;
				CLANG_WARN_BLOCK_CAPTURE_AUTORELEASING = YES;
				CLANG_WARN_BOOL_CONVERSION = YES;
				CLANG_WARN_COMMA = YES;
				CLANG_WARN_CONSTANT_CONVERSION = YES;
				CLANG_WARN_DEPRECATED_OBJC_IMPLEMENTATIONS = YES;
				CLANG_WARN_DIRECT_OBJC_ISA_USAGE = YES_ERROR;
				CLANG_WARN_DOCUMENTATION_COMMENTS = YES;
				CLANG_WARN_EMPTY_BODY = YES;
				CLANG_WARN_ENUM_CONVERSION = YES;
				CLANG_WARN_INFINITE_RECURSION = YES;
				CLANG_WARN_INT_CONVERSION = YES;
				CLANG_WARN_NON_LITERAL_NULL_CONVERSION = YES;
				CLANG_WARN_OBJC_IMPLICIT_RETAIN_SELF = YES;
				CLANG_WARN_OBJC_LITERAL_CONVERSION = YES;
				CLANG_WARN_OBJC_ROOT_CLASS = YES_ERROR;
				CLANG_WARN_RANGE_LOOP_ANALYSIS = YES;
				CLANG_WARN_STRICT_PROTOTYPES = YES;
				CLANG_WARN_SUSPICIOUS_MOVE = YES;
				CLANG_WARN_UNGUARDED_AVAILABILITY = YES_AGGRESSIVE;
				CLANG_WARN_UNREACHABLE_CODE = YES;
				CLANG_WARN__DUPLICATE_METHOD_MATCH = YES;
				CODE_SIGN_IDENTITY = "iPhone Developer";
				COPY_PHASE_STRIP = NO;
				DEBUG_INFORMATION_FORMAT = "dwarf-with-dsym";
				ENABLE_NS_ASSERTIONS = NO;
				ENABLE_STRICT_OBJC_MSGSEND = YES;
				GCC_C_LANGUAGE_STANDARD = gnu11;
				GCC_NO_COMMON_BLOCKS = YES;
				GCC_WARN_64_TO_32_BIT_CONVERSION = YES;
				GCC_WARN_ABOUT_RETURN_TYPE = YES_ERROR;
				GCC_WARN_UNDECLARED_SELECTOR = YES;
				GCC_WARN_UNINITIALIZED_AUTOS = YES_AGGRESSIVE;
				GCC_WARN_UNUSED_FUNCTION = YES;
				GCC_WARN_UNUSED_VARIABLE = YES;
				IPHONEOS_DEPLOYMENT_TARGET = 12.0;
				MTL_ENABLE_DEBUG_INFO = NO;
				MTL_FAST_MATH = YES;
				SDKROOT = iphoneos;
				SWIFT_COMPILATION_MODE = wholemodule;
				SWIFT_OPTIMIZATION_LEVEL = "-O";
				VALIDATE_PRODUCT = YES;
			};
			name = Release;
		};
		BC0201652162ADDA00078CB4 /* Debug */ = {
			isa = XCBuildConfiguration;
			buildSettings = {
				ASSETCATALOG_COMPILER_APPICON_NAME = AppIcon;
				CODE_SIGN_STYLE = Automatic;
				DEVELOPMENT_TEAM = 86652PZBLR;
				INFOPLIST_FILE = fractals/Info.plist;
				LD_RUNPATH_SEARCH_PATHS = (
					"$(inherited)",
					"@executable_path/Frameworks",
				);
				PRODUCT_BUNDLE_IDENTIFIER = com.zaakk.fractals;
				PRODUCT_NAME = "$(TARGET_NAME)";
				SWIFT_VERSION = 4.2;
				TARGETED_DEVICE_FAMILY = "1,2";
			};
			name = Debug;
		};
		BC0201662162ADDA00078CB4 /* Release */ = {
			isa = XCBuildConfiguration;
			buildSettings = {
				ASSETCATALOG_COMPILER_APPICON_NAME = AppIcon;
				CODE_SIGN_STYLE = Automatic;
				DEVELOPMENT_TEAM = 86652PZBLR;
				INFOPLIST_FILE = fractals/Info.plist;
				LD_RUNPATH_SEARCH_PATHS = (
					"$(inherited)",
					"@executable_path/Frameworks",
				);
				PRODUCT_BUNDLE_IDENTIFIER = com.zaakk.fractals;
				PRODUCT_NAME = "$(TARGET_NAME)";
				SWIFT_VERSION = 4.2;
				TARGETED_DEVICE_FAMILY = "1,2";
			};
			name = Release;
		};
/* End XCBuildConfiguration section */

/* Begin XCConfigurationList section */
		BC02014D2162ADD800078CB4 /* Build configuration list for PBXProject "fractals" */ = {
			isa = XCConfigurationList;
			buildConfigurations = (
				BC0201622162ADDA00078CB4 /* Debug */,
				BC0201632162ADDA00078CB4 /* Release */,
			);
			defaultConfigurationIsVisible = 0;
			defaultConfigurationName = Release;
		};
		BC0201642162ADDA00078CB4 /* Build configuration list for PBXNativeTarget "fractals" */ = {
			isa = XCConfigurationList;
			buildConfigurations = (
				BC0201652162ADDA00078CB4 /* Debug */,
				BC0201662162ADDA00078CB4 /* Release */,
			);
			defaultConfigurationIsVisible = 0;
			defaultConfigurationName = Release;
		};
/* End XCConfigurationList section */
	};
	rootObject = BC02014A2162ADD800078CB4 /* Project object */;
}
